Microsoft Visual Studio Solution File, Format Version 12.00
# Visual Studio Version 17
VisualStudioVersion = 17.5.2.0
MinimumVisualStudioVersion = 10.0.40219.1
Project("{FAE04EC0-301F-11D3-BF4B-00C04F79EFBC}") = "AccountService", "AccountService\AccountService.csproj", "{1F0E27B3-FBC0-EF27-E0A6-A10E2C626281}"
EndProject
Project("{FAE04EC0-301F-11D3-BF4B-00C04F79EFBC}") = "AuditService", "AuditService\AuditService.csproj", "{157797B0-C65E-E6CC-BD1B-69A5A8148E22}"
EndProject
Project("{FAE04EC0-301F-11D3-BF4B-00C04F79EFBC}") = "NotificationService", "NotificationService\NotificationService.csproj", "{CF9FD0F0-B9C2-54C6-189B-77AA3D46F4C2}"
EndProject
Project("{FAE04EC0-301F-11D3-BF4B-00C04F79EFBC}") = "Shared", "Shared\Shared.csproj", "{22F72E50-B86A-48A6-4252-6FDC98C636E8}"
EndProject
Global
	GlobalSection(SolutionConfigurationPlatforms) = preSolution
		Debug|Any CPU = Debug|Any CPU
		Release|Any CPU = Release|Any CPU
	EndGlobalSection
	GlobalSection(ProjectConfigurationPlatforms) = postSolution
		{1F0E27B3-FBC0-EF27-E0A6-A10E2C626281}.Debug|Any CPU.ActiveCfg = Debug|Any CPU
		{1F0E27B3-FBC0-EF27-E0A6-A10E2C626281}.Debug|Any CPU.Build.0 = Debug|Any CPU
		{1F0E27B3-FBC0-EF27-E0A6-A10E2C626281}.Release|Any CPU.ActiveCfg = Release|Any CPU
		{1F0E27B3-FBC0-EF27-E0A6-A10E2C626281}.Release|Any CPU.Build.0 = Release|Any CPU
		{157797B0-C65E-E6CC-BD1B-69A5A8148E22}.Debug|Any CPU.ActiveCfg = Debug|Any CPU
		{157797B0-C65E-E6CC-BD1B-69A5A8148E22}.Debug|Any CPU.Build.0 = Debug|Any CPU
		{157797B0-C65E-E6CC-BD1B-69A5A8148E22}.Release|Any CPU.ActiveCfg = Release|Any CPU
		{157797B0-C65E-E6CC-BD1B-69A5A8148E22}.Release|Any CPU.Build.0 = Release|Any CPU
		{CF9FD0F0-B9C2-54C6-189B-77AA3D46F4C2}.Debug|Any CPU.ActiveCfg = Debug|Any CPU
		{CF9FD0F0-B9C2-54C6-189B-77AA3D46F4C2}.Debug|Any CPU.Build.0 = Debug|Any CPU
		{CF9FD0F0-B9C2-54C6-189B-77AA3D46F4C2}.Release|Any CPU.ActiveCfg = Release|Any CPU
		{CF9FD0F0-B9C2-54C6-189B-77AA3D46F4C2}.Release|Any CPU.Build.0 = Release|Any CPU
		{22F72E50-B86A-48A6-4252-6FDC98C636E8}.Debug|Any CPU.ActiveCfg = Debug|Any CPU
		{22F72E50-B86A-48A6-4252-6FDC98C636E8}.Debug|Any CPU.Build.0 = Debug|Any CPU
		{22F72E50-B86A-48A6-4252-6FDC98C636E8}.Release|Any CPU.ActiveCfg = Release|Any CPU
		{22F72E50-B86A-48A6-4252-6FDC98C636E8}.Release|Any CPU.Build.0 = Release|Any CPU
	EndGlobalSection
	GlobalSection(SolutionProperties) = preSolution
		HideSolutionNode = FALSE
	EndGlobalSection
	GlobalSection(ExtensibilityGlobals) = postSolution
		SolutionGuid = {C10D6FA8-E807-4703-956B-5DA23E91AACC}
	EndGlobalSection
EndGlobal
